// !$*UTF8*$!
{
	archiveVersion = 1;
	classes = {
	};
	objectVersion = 56;
	objects = {

/* Begin PBXBuildFile section */
		7F6C2BB42CBE70DD009AC1E0 /* MVVMDemoSwiftUIApp.swift in Sources */ = {isa = PBXBuildFile; fileRef = 7F6C2BB32CBE70DD009AC1E0 /* MVVMDemoSwiftUIApp.swift */; };
		7F6C2BB62CBE70DD009AC1E0 /* ContentView.swift in Sources */ = {isa = PBXBuildFile; fileRef = 7F6C2BB52CBE70DD009AC1E0 /* ContentView.swift */; };
		7F6C2BB82CBE70E3009AC1E0 /* Assets.xcassets in Resources */ = {isa = PBXBuildFile; fileRef = 7F6C2BB72CBE70E3009AC1E0 /* Assets.xcassets */; };
		7F6C2BBB2CBE70E3009AC1E0 /* Preview Assets.xcassets in Resources */ = {isa = PBXBuildFile; fileRef = 7F6C2BBA2CBE70E3009AC1E0 /* Preview Assets.xcassets */; };
		7F6C2BC22CBE7130009AC1E0 /* UserView.swift in Sources */ = {isa = PBXBuildFile; fileRef = 7F6C2BC12CBE712F009AC1E0 /* UserView.swift */; };
		7F6C2BC42CBE7148009AC1E0 /* UserViewModel.swift in Sources */ = {isa = PBXBuildFile; fileRef = 7F6C2BC32CBE7148009AC1E0 /* UserViewModel.swift */; };
		7F6C2BC62CBE715E009AC1E0 /* UserService.swift in Sources */ = {isa = PBXBuildFile; fileRef = 7F6C2BC52CBE715E009AC1E0 /* UserService.swift */; };
		7F6C2BC82CBE7173009AC1E0 /* User.swift in Sources */ = {isa = PBXBuildFile; fileRef = 7F6C2BC72CBE7173009AC1E0 /* User.swift */; };
		7F6C2BCA2CBE7263009AC1E0 /* UsersListView.swift in Sources */ = {isa = PBXBuildFile; fileRef = 7F6C2BC92CBE7263009AC1E0 /* UsersListView.swift */; };
		7F6C2BCC2CBE7286009AC1E0 /* UsersViewModel.swift in Sources */ = {isa = PBXBuildFile; fileRef = 7F6C2BCB2CBE7286009AC1E0 /* UsersViewModel.swift */; };
/* End PBXBuildFile section */

/* Begin PBXFileReference section */
		7F6C2BB02CBE70DD009AC1E0 /* MVVMDemoSwiftUI.app */ = {isa = PBXFileReference; explicitFileType = wrapper.application; includeInIndex = 0; path = MVVMDemoSwiftUI.app; sourceTree = BUILT_PRODUCTS_DIR; };
		7F6C2BB32CBE70DD009AC1E0 /* MVVMDemoSwiftUIApp.swift */ = {isa = PBXFileReference; lastKnownFileType = sourcecode.swift; path = MVVMDemoSwiftUIApp.swift; sourceTree = "<group>"; };
		7F6C2BB52CBE70DD009AC1E0 /* ContentView.swift */ = {isa = PBXFileReference; lastKnownFileType = sourcecode.swift; path = ContentView.swift; sourceTree = "<group>"; };
		7F6C2BB72CBE70E3009AC1E0 /* Assets.xcassets */ = {isa = PBXFileReference; lastKnownFileType = folder.assetcatalog; path = Assets.xcassets; sourceTree = "<group>"; };
		7F6C2BBA2CBE70E3009AC1E0 /* Preview Assets.xcassets */ = {isa = PBXFileReference; lastKnownFileType = folder.assetcatalog; path = "Preview Assets.xcassets"; sourceTree = "<group>"; };
		7F6C2BC12CBE712F009AC1E0 /* UserView.swift */ = {isa = PBXFileReference; lastKnownFileType = sourcecode.swift; path = UserView.swift; sourceTree = "<group>"; };
		7F6C2BC32CBE7148009AC1E0 /* UserViewModel.swift */ = {isa = PBXFileReference; lastKnownFileType = sourcecode.swift; path = UserViewModel.swift; sourceTree = "<group>"; };
		7F6C2BC52CBE715E009AC1E0 /* UserService.swift */ = {isa = PBXFileReference; lastKnownFileType = sourcecode.swift; path = UserService.swift; sourceTree = "<group>"; };
		7F6C2BC72CBE7173009AC1E0 /* User.swift */ = {isa = PBXFileReference; lastKnownFileType = sourcecode.swift; path = User.swift; sourceTree = "<group>"; };
		7F6C2BC92CBE7263009AC1E0 /* UsersListView.swift */ = {isa = PBXFileReference; lastKnownFileType = sourcecode.swift; path = UsersListView.swift; sourceTree = "<group>"; };
		7F6C2BCB2CBE7286009AC1E0 /* UsersViewModel.swift */ = {isa = PBXFileReference; lastKnownFileType = sourcecode.swift; path = UsersViewModel.swift; sourceTree = "<group>"; };
/* End PBXFileReference section */

/* Begin PBXFrameworksBuildPhase section */
		7F6C2BAD2CBE70DD009AC1E0 /* Frameworks */ = {
			isa = PBXFrameworksBuildPhase;
			buildActionMask = 2147483647;
			files = (
			);
			runOnlyForDeploymentPostprocessing = 0;
		};
/* End PBXFrameworksBuildPhase section */

/* Begin PBXGroup section */
		7F6C2BA72CBE70DD009AC1E0 = {
			isa = PBXGroup;
			children = (
				7F6C2BB22CBE70DD009AC1E0 /* MVVMDemoSwiftUI */,
				7F6C2BB12CBE70DD009AC1E0 /* Products */,
			);
			sourceTree = "<group>";
		};
		7F6C2BB12CBE70DD009AC1E0 /* Products */ = {
			isa = PBXGroup;
			children = (
				7F6C2BB02CBE70DD009AC1E0 /* MVVMDemoSwiftUI.app */,
			);
			name = Products;
			sourceTree = "<group>";
		};
		7F6C2BB22CBE70DD009AC1E0 /* MVVMDemoSwiftUI */ = {
			isa = PBXGroup;
			children = (
				7F6C2BB32CBE70DD009AC1E0 /* MVVMDemoSwiftUIApp.swift */,
				7F6C2BB52CBE70DD009AC1E0 /* ContentView.swift */,
				7F6C2BB72CBE70E3009AC1E0 /* Assets.xcassets */,
				7F6C2BB92CBE70E3009AC1E0 /* Preview Content */,
				7F6C2BC12CBE712F009AC1E0 /* UserView.swift */,
				7F6C2BC32CBE7148009AC1E0 /* UserViewModel.swift */,
				7F6C2BC52CBE715E009AC1E0 /* UserService.swift */,
				7F6C2BC72CBE7173009AC1E0 /* User.swift */,
				7F6C2BC92CBE7263009AC1E0 /* UsersListView.swift */,
				7F6C2BCB2CBE7286009AC1E0 /* UsersViewModel.swift */,
			);
			path = MVVMDemoSwiftUI;
			sourceTree = "<group>";
		};
		7F6C2BB92CBE70E3009AC1E0 /* Preview Content */ = {
			isa = PBXGroup;
			children = (
				7F6C2BBA2CBE70E3009AC1E0 /* Preview Assets.xcassets */,
			);
			path = "Preview Content";
			sourceTree = "<group>";
		};
/* End PBXGroup section */

/* Begin PBXNativeTarget section */
		7F6C2BAF2CBE70DD009AC1E0 /* MVVMDemoSwiftUI */ = {
			isa = PBXNativeTarget;
			buildConfigurationList = 7F6C2BBE2CBE70E3009AC1E0 /* Build configuration list for PBXNativeTarget "MVVMDemoSwiftUI" */;
			buildPhases = (
				7F6C2BAC2CBE70DD009AC1E0 /* Sources */,
				7F6C2BAD2CBE70DD009AC1E0 /* Frameworks */,
				7F6C2BAE2CBE70DD009AC1E0 /* Resources */,
			);
			buildRules = (
			);
			dependencies = (
			);
			name = MVVMDemoSwiftUI;
			productName = MVVMDemoSwiftUI;
			productReference = 7F6C2BB02CBE70DD009AC1E0 /* MVVMDemoSwiftUI.app */;
			productType = "com.apple.product-type.application";
		};
/* End PBXNativeTarget section */

/* Begin PBXProject section */
		7F6C2BA82CBE70DD009AC1E0 /* Project object */ = {
			isa = PBXProject;
			attributes = {
				BuildIndependentTargetsInParallel = 1;
				LastSwiftUpdateCheck = 1540;
				LastUpgradeCheck = 1540;
				TargetAttributes = {
					7F6C2BAF2CBE70DD009AC1E0 = {
						CreatedOnToolsVersion = 15.4;
					};
				};
			};
			buildConfigurationList = 7F6C2BAB2CBE70DD009AC1E0 /* Build configuration list for PBXProject "MVVMDemoSwiftUI" */;
			compatibilityVersion = "Xcode 14.0";
			developmentRegion = en;
			hasScannedForEncodings = 0;
			knownRegions = (
				en,
				Base,
			);
			mainGroup = 7F6C2BA72CBE70DD009AC1E0;
			productRefGroup = 7F6C2BB12CBE70DD009AC1E0 /* Products */;
			projectDirPath = "";
			projectRoot = "";
			targets = (
				7F6C2BAF2CBE70DD009AC1E0 /* MVVMDemoSwiftUI */,
			);
		};
/* End PBXProject section */

/* Begin PBXResourcesBuildPhase section */
		7F6C2BAE2CBE70DD009AC1E0 /* Resources */ = {
			isa = PBXResourcesBuildPhase;
			buildActionMask = 2147483647;
			files = (
				7F6C2BBB2CBE70E3009AC1E0 /* Preview Assets.xcassets in Resources */,
				7F6C2BB82CBE70E3009AC1E0 /* Assets.xcassets in Resources */,
			);
			runOnlyForDeploymentPostprocessing = 0;
		};
/* End PBXResourcesBuildPhase section */

/* Begin PBXSourcesBuildPhase section */
		7F6C2BAC2CBE70DD009AC1E0 /* Sources */ = {
			isa = PBXSourcesBuildPhase;
			buildActionMask = 2147483647;
			files = (
				7F6C2BB62CBE70DD009AC1E0 /* ContentView.swift in Sources */,
				7F6C2BC62CBE715E009AC1E0 /* UserService.swift in Sources */,
				7F6C2BC82CBE7173009AC1E0 /* User.swift in Sources */,
				7F6C2BC42CBE7148009AC1E0 /* UserViewModel.swift in Sources */,
				7F6C2BC22CBE7130009AC1E0 /* UserView.swift in Sources */,
				7F6C2BCC2CBE7286009AC1E0 /* UsersViewModel.swift in Sources */,
				7F6C2BB42CBE70DD009AC1E0 /* MVVMDemoSwiftUIApp.swift in Sources */,
				7F6C2BCA2CBE7263009AC1E0 /* UsersListView.swift in Sources */,
			);
			runOnlyForDeploymentPostprocessing = 0;
		};
/* End PBXSourcesBuildPhase section */

/* Begin XCBuildConfiguration section */
		7F6C2BBC2CBE70E3009AC1E0 /* Debug */ = {
			isa = XCBuildConfiguration;
			buildSettings = {
				ALWAYS_SEARCH_USER_PATHS = NO;
				ASSETCATALOG_COMPILER_GENERATE_SWIFT_ASSET_SYMBOL_EXTENSIONS = YES;
				CLANG_ANALYZER_NONNULL = YES;
				CLANG_ANALYZER_NUMBER_OBJECT_CONVERSION = YES_AGGRESSIVE;
				CLANG_CXX_LANGUAGE_STANDARD = "gnu++20";
				CLANG_ENABLE_MODULES = YES;
				CLANG_ENABLE_OBJC_ARC = YES;
				CLANG_ENABLE_OBJC_WEAK = YES;
				CLANG_WARN_BLOCK_CAPTURE_AUTORELEASING = YES;
				CLANG_WARN_BOOL_CONVERSION = YES;
				CLANG_WARN_COMMA = YES;
				CLANG_WARN_CONSTANT_CONVERSION = YES;
				CLANG_WARN_DEPRECATED_OBJC_IMPLEMENTATIONS = YES;
				CLANG_WARN_DIRECT_OBJC_ISA_USAGE = YES_ERROR;
				CLANG_WARN_DOCUMENTATION_COMMENTS = YES;
				CLANG_WARN_EMPTY_BODY = YES;
				CLANG_WARN_ENUM_CONVERSION = YES;
				CLANG_WARN_INFINITE_RECURSION = YES;
				CLANG_WARN_INT_CONVERSION = YES;
				CLANG_WARN_NON_LITERAL_NULL_CONVERSION = YES;
				CLANG_WARN_OBJC_IMPLICIT_RETAIN_SELF = YES;
				CLANG_WARN_OBJC_LITERAL_CONVERSION = YES;
				CLANG_WARN_OBJC_ROOT_CLASS = YES_ERROR;
				CLANG_WARN_QUOTED_INCLUDE_IN_FRAMEWORK_HEADER = YES;
				CLANG_WARN_RANGE_LOOP_ANALYSIS = YES;
				CLANG_WARN_STRICT_PROTOTYPES = YES;
				CLANG_WARN_SUSPICIOUS_MOVE = YES;
				CLANG_WARN_UNGUARDED_AVAILABILITY = YES_AGGRESSIVE;
				CLANG_WARN_UNREACHABLE_CODE = YES;
				CLANG_WARN__DUPLICATE_METHOD_MATCH = YES;
				COPY_PHASE_STRIP = NO;
				DEBUG_INFORMATION_FORMAT = dwarf;
				ENABLE_STRICT_OBJC_MSGSEND = YES;
				ENABLE_TESTABILITY = YES;
				ENABLE_USER_SCRIPT_SANDBOXING = YES;
				GCC_C_LANGUAGE_STANDARD = gnu17;
				GCC_DYNAMIC_NO_PIC = NO;
				GCC_NO_COMMON_BLOCKS = YES;
				GCC_OPTIMIZATION_LEVEL = 0;
				GCC_PREPROCESSOR_DEFINITIONS = (
					"DEBUG=1",
					"$(inherited)",
				);
				GCC_WARN_64_TO_32_BIT_CONVERSION = YES;
				GCC_WARN_ABOUT_RETURN_TYPE = YES_ERROR;
				GCC_WARN_UNDECLARED_SELECTOR = YES;
				GCC_WARN_UNINITIALIZED_AUTOS = YES_AGGRESSIVE;
				GCC_WARN_UNUSED_FUNCTION = YES;
				GCC_WARN_UNUSED_VARIABLE = YES;
				IPHONEOS_DEPLOYMENT_TARGET = 17.5;
				LOCALIZATION_PREFERS_STRING_CATALOGS = YES;
				MTL_ENABLE_DEBUG_INFO = INCLUDE_SOURCE;
				MTL_FAST_MATH = YES;
				ONLY_ACTIVE_ARCH = YES;
				SDKROOT = iphoneos;
				SWIFT_ACTIVE_COMPILATION_CONDITIONS = "DEBUG $(inherited)";
				SWIFT_OPTIMIZATION_LEVEL = "-Onone";
			};
			name = Debug;
		};
		7F6C2BBD2CBE70E3009AC1E0 /* Release */ = {
			isa = XCBuildConfiguration;
			buildSettings = {
				ALWAYS_SEARCH_USER_PATHS = NO;
				ASSETCATALOG_COMPILER_GENERATE_SWIFT_ASSET_SYMBOL_EXTENSIONS = YES;
				CLANG_ANALYZER_NONNULL = YES;
				CLANG_ANALYZER_NUMBER_OBJECT_CONVERSION = YES_AGGRESSIVE;
				CLANG_CXX_LANGUAGE_STANDARD = "gnu++20";
				CLANG_ENABLE_MODULES = YES;
				CLANG_ENABLE_OBJC_ARC = YES;
				CLANG_ENABLE_OBJC_WEAK = YES;
				CLANG_WARN_BLOCK_CAPTURE_AUTORELEASING = YES;
				CLANG_WARN_BOOL_CONVERSION = YES;
				CLANG_WARN_COMMA = YES;
				CLANG_WARN_CONSTANT_CONVERSION = YES;
				CLANG_WARN_DEPRECATED_OBJC_IMPLEMENTATIONS = YES;
				CLANG_WARN_DIRECT_OBJC_ISA_USAGE = YES_ERROR;
				CLANG_WARN_DOCUMENTATION_COMMENTS = YES;
				CLANG_WARN_EMPTY_BODY = YES;
				CLANG_WARN_ENUM_CONVERSION = YES;
				CLANG_WARN_INFINITE_RECURSION = YES;
				CLANG_WARN_INT_CONVERSION = YES;
				CLANG_WARN_NON_LITERAL_NULL_CONVERSION = YES;
				CLANG_WARN_OBJC_IMPLICIT_RETAIN_SELF = YES;
				CLANG_WARN_OBJC_LITERAL_CONVERSION = YES;
				CLANG_WARN_OBJC_ROOT_CLASS = YES_ERROR;
				CLANG_WARN_QUOTED_INCLUDE_IN_FRAMEWORK_HEADER = YES;
				CLANG_WARN_RANGE_LOOP_ANALYSIS = YES;
				CLANG_WARN_STRICT_PROTOTYPES = YES;
				CLANG_WARN_SUSPICIOUS_MOVE = YES;
				CLANG_WARN_UNGUARDED_AVAILABILITY = YES_AGGRESSIVE;
				CLANG_WARN_UNREACHABLE_CODE = YES;
				CLANG_WARN__DUPLICATE_METHOD_MATCH = YES;
				COPY_PHASE_STRIP = NO;
				DEBUG_INFORMATION_FORMAT = "dwarf-with-dsym";
				ENABLE_NS_ASSERTIONS = NO;
				ENABLE_STRICT_OBJC_MSGSEND = YES;
				ENABLE_USER_SCRIPT_SANDBOXING = YES;
				GCC_C_LANGUAGE_STANDARD = gnu17;
				GCC_NO_COMMON_BLOCKS = YES;
				GCC_WARN_64_TO_32_BIT_CONVERSION = YES;
				GCC_WARN_ABOUT_RETURN_TYPE = YES_ERROR;
				GCC_WARN_UNDECLARED_SELECTOR = YES;
				GCC_WARN_UNINITIALIZED_AUTOS = YES_AGGRESSIVE;
				GCC_WARN_UNUSED_FUNCTION = YES;
				GCC_WARN_UNUSED_VARIABLE = YES;
				IPHONEOS_DEPLOYMENT_TARGET = 17.5;
				LOCALIZATION_PREFERS_STRING_CATALOGS = YES;
				MTL_ENABLE_DEBUG_INFO = NO;
				MTL_FAST_MATH = YES;
				SDKROOT = iphoneos;
				SWIFT_COMPILATION_MODE = wholemodule;
				VALIDATE_PRODUCT = YES;
			};
			name = Release;
		};
		7F6C2BBF2CBE70E3009AC1E0 /* Debug */ = {
			isa = XCBuildConfiguration;
			buildSettings = {
				ASSETCATALOG_COMPILER_APPICON_NAME = AppIcon;
				ASSETCATALOG_COMPILER_GLOBAL_ACCENT_COLOR_NAME = AccentColor;
				CODE_SIGN_STYLE = Automatic;
				CURRENT_PROJECT_VERSION = 1;
				DEVELOPMENT_ASSET_PATHS = "\"MVVMDemoSwiftUI/Preview Content\"";
				ENABLE_PREVIEWS = YES;
				GENERATE_INFOPLIST_FILE = YES;
				INFOPLIST_KEY_UIApplicationSceneManifest_Generation = YES;
				INFOPLIST_KEY_UIApplicationSupportsIndirectInputEvents = YES;
				INFOPLIST_KEY_UILaunchScreen_Generation = YES;
				INFOPLIST_KEY_UISupportedInterfaceOrientations_iPad = "UIInterfaceOrientationPortrait UIInterfaceOrientationPortraitUpsideDown UIInterfaceOrientationLandscapeLeft UIInterfaceOrientationLandscapeRight";
				INFOPLIST_KEY_UISupportedInterfaceOrientations_iPhone = "UIInterfaceOrientationPortrait UIInterfaceOrientationLandscapeLeft UIInterfaceOrientationLandscapeRight";
				LD_RUNPATH_SEARCH_PATHS = (
					"$(inherited)",
					"@executable_path/Frameworks",
				);
				MARKETING_VERSION = 1.0;
				PRODUCT_BUNDLE_IDENTIFIER = com.xyz.MVVMDemoSwiftUI;
				PRODUCT_NAME = "$(TARGET_NAME)";
				SWIFT_EMIT_LOC_STRINGS = YES;
				SWIFT_VERSION = 5.0;
				TARGETED_DEVICE_FAMILY = "1,2";
			};
			name = Debug;
		};
		7F6C2BC02CBE70E3009AC1E0 /* Release */ = {
			isa = XCBuildConfiguration;
			buildSettings = {
				ASSETCATALOG_COMPILER_APPICON_NAME = AppIcon;
				ASSETCATALOG_COMPILER_GLOBAL_ACCENT_COLOR_NAME = AccentColor;
				CODE_SIGN_STYLE = Automatic;
				CURRENT_PROJECT_VERSION = 1;
				DEVELOPMENT_ASSET_PATHS = "\"MVVMDemoSwiftUI/Preview Content\"";
				ENABLE_PREVIEWS = YES;
				GENERATE_INFOPLIST_FILE = YES;
				INFOPLIST_KEY_UIApplicationSceneManifest_Generation = YES;
				INFOPLIST_KEY_UIApplicationSupportsIndirectInputEvents = YES;
				INFOPLIST_KEY_UILaunchScreen_Generation = YES;
				INFOPLIST_KEY_UISupportedInterfaceOrientations_iPad = "UIInterfaceOrientationPortrait UIInterfaceOrientationPortraitUpsideDown UIInterfaceOrientationLandscapeLeft UIInterfaceOrientationLandscapeRight";
				INFOPLIST_KEY_UISupportedInterfaceOrientations_iPhone = "UIInterfaceOrientationPortrait UIInterfaceOrientationLandscapeLeft UIInterfaceOrientationLandscapeRight";
				LD_RUNPATH_SEARCH_PATHS = (
					"$(inherited)",
					"@executable_path/Frameworks",
				);
				MARKETING_VERSION = 1.0;
				PRODUCT_BUNDLE_IDENTIFIER = com.xyz.MVVMDemoSwiftUI;
				PRODUCT_NAME = "$(TARGET_NAME)";
				SWIFT_EMIT_LOC_STRINGS = YES;
				SWIFT_VERSION = 5.0;
				TARGETED_DEVICE_FAMILY = "1,2";
			};
			name = Release;
		};
/* End XCBuildConfiguration section */

/* Begin XCConfigurationList section */
		7F6C2BAB2CBE70DD009AC1E0 /* Build configuration list for PBXProject "MVVMDemoSwiftUI" */ = {
			isa = XCConfigurationList;
			buildConfigurations = (
				7F6C2BBC2CBE70E3009AC1E0 /* Debug */,
				7F6C2BBD2CBE70E3009AC1E0 /* Release */,
			);
			defaultConfigurationIsVisible = 0;
			defaultConfigurationName = Release;
		};
		7F6C2BBE2CBE70E3009AC1E0 /* Build configuration list for PBXNativeTarget "MVVMDemoSwiftUI" */ = {
			isa = XCConfigurationList;
			buildConfigurations = (
				7F6C2BBF2CBE70E3009AC1E0 /* Debug */,
				7F6C2BC02CBE70E3009AC1E0 /* Release */,
			);
			defaultConfigurationIsVisible = 0;
			defaultConfigurationName = Release;
		};
/* End XCConfigurationList section */
	};
	rootObject = 7F6C2BA82CBE70DD009AC1E0 /* Project object */;
}
